// !$*UTF8*$!
{
	archiveVersion = 1;
	classes = {
	};
	objectVersion = 55;
	objects = {

/* Begin PBXBuildFile section */
		048E887A278613AC00270445 /* View+Conditional.swift in Sources */ = {isa = PBXBuildFile; fileRef = 048E8879278613AC00270445 /* View+Conditional.swift */; };
		048E887F2786209E00270445 /* WebView.swift in Sources */ = {isa = PBXBuildFile; fileRef = 048E887E2786209E00270445 /* WebView.swift */; };
		04B3029327820BC1001077BA /* AppDelegate.swift in Sources */ = {isa = PBXBuildFile; fileRef = 04B3029227820BC1001077BA /* AppDelegate.swift */; };
		04B3029527820BC1001077BA /* SceneDelegate.swift in Sources */ = {isa = PBXBuildFile; fileRef = 04B3029427820BC1001077BA /* SceneDelegate.swift */; };
		04B3029727820BC1001077BA /* ViewController.swift in Sources */ = {isa = PBXBuildFile; fileRef = 04B3029627820BC1001077BA /* ViewController.swift */; };
		04B3029C27820BC2001077BA /* Assets.xcassets in Resources */ = {isa = PBXBuildFile; fileRef = 04B3029B27820BC2001077BA /* Assets.xcassets */; };
		04B3029F27820BC2001077BA /* LaunchScreen.storyboard in Resources */ = {isa = PBXBuildFile; fileRef = 04B3029D27820BC2001077BA /* LaunchScreen.storyboard */; };
		04B302AA27820BC2001077BA /* Helpers.swift in Sources */ = {isa = PBXBuildFile; fileRef = 04B302A927820BC2001077BA /* Helpers.swift */; };
		04B302B427820BC2001077BA /* XapoTestUITests.swift in Sources */ = {isa = PBXBuildFile; fileRef = 04B302B327820BC2001077BA /* XapoTestUITests.swift */; };
		04B302B627820BC2001077BA /* XapoTestUITestsLaunchTests.swift in Sources */ = {isa = PBXBuildFile; fileRef = 04B302B527820BC2001077BA /* XapoTestUITestsLaunchTests.swift */; };
		04B302C9278213C6001077BA /* Model.swift in Sources */ = {isa = PBXBuildFile; fileRef = 04B302C8278213C6001077BA /* Model.swift */; };
		04B302CB278214B9001077BA /* DataService.swift in Sources */ = {isa = PBXBuildFile; fileRef = 04B302CA278214B9001077BA /* DataService.swift */; };
		04B302CD2782163D001077BA /* HTTPError.swift in Sources */ = {isa = PBXBuildFile; fileRef = 04B302CC2782163D001077BA /* HTTPError.swift */; };
		04B302CF278219FB001077BA /* _HttpErrorTests.swift in Sources */ = {isa = PBXBuildFile; fileRef = 04B302CE278219FB001077BA /* _HttpErrorTests.swift */; };
		04B302D327821EE9001077BA /* UrlBuilder.swift in Sources */ = {isa = PBXBuildFile; fileRef = 04B302D227821EE9001077BA /* UrlBuilder.swift */; };
		04B302D827822C8B001077BA /* _UrlBuilderTests.swift in Sources */ = {isa = PBXBuildFile; fileRef = 04B302D727822C8B001077BA /* _UrlBuilderTests.swift */; };
		04B302DA27822D9A001077BA /* _DataServiceTests.swift in Sources */ = {isa = PBXBuildFile; fileRef = 04B302D927822D9A001077BA /* _DataServiceTests.swift */; };
		04B302DF27823407001077BA /* ApiMock.json in Resources */ = {isa = PBXBuildFile; fileRef = 04B302DE27823407001077BA /* ApiMock.json */; };
		04B302E2278250C8001077BA /* Mocker in Frameworks */ = {isa = PBXBuildFile; productRef = 04B302E1278250C8001077BA /* Mocker */; };
		04B302E5278260C0001077BA /* ProjectRepository.swift in Sources */ = {isa = PBXBuildFile; fileRef = 04B302E4278260C0001077BA /* ProjectRepository.swift */; };
		04B302E827827070001077BA /* _ProjectRepositoryTests.swift in Sources */ = {isa = PBXBuildFile; fileRef = 04B302E727827070001077BA /* _ProjectRepositoryTests.swift */; };
		04B302EA2782F3EA001077BA /* UIKitHelpers.swift in Sources */ = {isa = PBXBuildFile; fileRef = 04B302E92782F3E9001077BA /* UIKitHelpers.swift */; };
		04B302EC2782F4BE001077BA /* SwiftUIHelpers.swift in Sources */ = {isa = PBXBuildFile; fileRef = 04B302EB2782F4BE001077BA /* SwiftUIHelpers.swift */; };
		04B302EE2782F4FB001077BA /* _UIHelpersTests.swift in Sources */ = {isa = PBXBuildFile; fileRef = 04B302ED2782F4FB001077BA /* _UIHelpersTests.swift */; };
		04B302F027830141001077BA /* FoundationHelpers.swift in Sources */ = {isa = PBXBuildFile; fileRef = 04B302EF27830141001077BA /* FoundationHelpers.swift */; };
		04B302F3278318B8001077BA /* MainUseCase.swift in Sources */ = {isa = PBXBuildFile; fileRef = 04B302F2278318B8001077BA /* MainUseCase.swift */; };
		04B302F7278327F5001077BA /* MockDataService.swift in Sources */ = {isa = PBXBuildFile; fileRef = 04B302F6278327F5001077BA /* MockDataService.swift */; };
		04B302F9278331EB001077BA /* AppState.swift in Sources */ = {isa = PBXBuildFile; fileRef = 04B302F8278331EB001077BA /* AppState.swift */; };
		04D1268D2784CFC100860EFA /* _MainUseCaseTests.swift in Sources */ = {isa = PBXBuildFile; fileRef = 04D1268C2784CFC100860EFA /* _MainUseCaseTests.swift */; };
		04D126962784FEEC00860EFA /* Transitions.swift in Sources */ = {isa = PBXBuildFile; fileRef = 04D126952784FEEC00860EFA /* Transitions.swift */; };
/* End PBXBuildFile section */

/* Begin PBXContainerItemProxy section */
		04B302A627820BC2001077BA /* PBXContainerItemProxy */ = {
			isa = PBXContainerItemProxy;
			containerPortal = 04B3028727820BC1001077BA /* Project object */;
			proxyType = 1;
			remoteGlobalIDString = 04B3028E27820BC1001077BA;
			remoteInfo = XapoTest;
		};
		04B302B027820BC2001077BA /* PBXContainerItemProxy */ = {
			isa = PBXContainerItemProxy;
			containerPortal = 04B3028727820BC1001077BA /* Project object */;
			proxyType = 1;
			remoteGlobalIDString = 04B3028E27820BC1001077BA;
			remoteInfo = XapoTest;
		};
/* End PBXContainerItemProxy section */

/* Begin PBXFileReference section */
		048E8879278613AC00270445 /* View+Conditional.swift */ = {isa = PBXFileReference; lastKnownFileType = sourcecode.swift; path = "View+Conditional.swift"; sourceTree = "<group>"; };
		048E887E2786209E00270445 /* WebView.swift */ = {isa = PBXFileReference; lastKnownFileType = sourcecode.swift; path = WebView.swift; sourceTree = "<group>"; };
		04B3028F27820BC1001077BA /* XapoTest.app */ = {isa = PBXFileReference; explicitFileType = wrapper.application; includeInIndex = 0; path = XapoTest.app; sourceTree = BUILT_PRODUCTS_DIR; };
		04B3029227820BC1001077BA /* AppDelegate.swift */ = {isa = PBXFileReference; lastKnownFileType = sourcecode.swift; path = AppDelegate.swift; sourceTree = "<group>"; };
		04B3029427820BC1001077BA /* SceneDelegate.swift */ = {isa = PBXFileReference; lastKnownFileType = sourcecode.swift; path = SceneDelegate.swift; sourceTree = "<group>"; };
		04B3029627820BC1001077BA /* ViewController.swift */ = {isa = PBXFileReference; lastKnownFileType = sourcecode.swift; path = ViewController.swift; sourceTree = "<group>"; };
		04B3029B27820BC2001077BA /* Assets.xcassets */ = {isa = PBXFileReference; lastKnownFileType = folder.assetcatalog; path = Assets.xcassets; sourceTree = "<group>"; };
		04B3029E27820BC2001077BA /* Base */ = {isa = PBXFileReference; lastKnownFileType = file.storyboard; name = Base; path = Base.lproj/LaunchScreen.storyboard; sourceTree = "<group>"; };
		04B302A027820BC2001077BA /* Info.plist */ = {isa = PBXFileReference; lastKnownFileType = text.plist.xml; path = Info.plist; sourceTree = "<group>"; };
		04B302A527820BC2001077BA /* XapoTestTests.xctest */ = {isa = PBXFileReference; explicitFileType = wrapper.cfbundle; includeInIndex = 0; path = XapoTestTests.xctest; sourceTree = BUILT_PRODUCTS_DIR; };
		04B302A927820BC2001077BA /* Helpers.swift */ = {isa = PBXFileReference; lastKnownFileType = sourcecode.swift; path = Helpers.swift; sourceTree = "<group>"; };
		04B302AF27820BC2001077BA /* XapoTestUITests.xctest */ = {isa = PBXFileReference; explicitFileType = wrapper.cfbundle; includeInIndex = 0; path = XapoTestUITests.xctest; sourceTree = BUILT_PRODUCTS_DIR; };
		04B302B327820BC2001077BA /* XapoTestUITests.swift */ = {isa = PBXFileReference; lastKnownFileType = sourcecode.swift; path = XapoTestUITests.swift; sourceTree = "<group>"; };
		04B302B527820BC2001077BA /* XapoTestUITestsLaunchTests.swift */ = {isa = PBXFileReference; lastKnownFileType = sourcecode.swift; path = XapoTestUITestsLaunchTests.swift; sourceTree = "<group>"; };
		04B302C8278213C6001077BA /* Model.swift */ = {isa = PBXFileReference; lastKnownFileType = sourcecode.swift; path = Model.swift; sourceTree = "<group>"; };
		04B302CA278214B9001077BA /* DataService.swift */ = {isa = PBXFileReference; lastKnownFileType = sourcecode.swift; path = DataService.swift; sourceTree = "<group>"; };
		04B302CC2782163D001077BA /* HTTPError.swift */ = {isa = PBXFileReference; lastKnownFileType = sourcecode.swift; path = HTTPError.swift; sourceTree = "<group>"; };
		04B302CE278219FB001077BA /* _HttpErrorTests.swift */ = {isa = PBXFileReference; lastKnownFileType = sourcecode.swift; path = _HttpErrorTests.swift; sourceTree = "<group>"; };
		04B302D227821EE9001077BA /* UrlBuilder.swift */ = {isa = PBXFileReference; lastKnownFileType = sourcecode.swift; path = UrlBuilder.swift; sourceTree = "<group>"; };
		04B302D727822C8B001077BA /* _UrlBuilderTests.swift */ = {isa = PBXFileReference; lastKnownFileType = sourcecode.swift; path = _UrlBuilderTests.swift; sourceTree = "<group>"; };
		04B302D927822D9A001077BA /* _DataServiceTests.swift */ = {isa = PBXFileReference; lastKnownFileType = sourcecode.swift; path = _DataServiceTests.swift; sourceTree = "<group>"; };
		04B302DE27823407001077BA /* ApiMock.json */ = {isa = PBXFileReference; lastKnownFileType = text.json; path = ApiMock.json; sourceTree = "<group>"; };
		04B302E4278260C0001077BA /* ProjectRepository.swift */ = {isa = PBXFileReference; lastKnownFileType = sourcecode.swift; path = ProjectRepository.swift; sourceTree = "<group>"; };
		04B302E727827070001077BA /* _ProjectRepositoryTests.swift */ = {isa = PBXFileReference; lastKnownFileType = sourcecode.swift; path = _ProjectRepositoryTests.swift; sourceTree = "<group>"; };
		04B302E92782F3E9001077BA /* UIKitHelpers.swift */ = {isa = PBXFileReference; lastKnownFileType = sourcecode.swift; path = UIKitHelpers.swift; sourceTree = "<group>"; };
		04B302EB2782F4BE001077BA /* SwiftUIHelpers.swift */ = {isa = PBXFileReference; lastKnownFileType = sourcecode.swift; path = SwiftUIHelpers.swift; sourceTree = "<group>"; };
		04B302ED2782F4FB001077BA /* _UIHelpersTests.swift */ = {isa = PBXFileReference; lastKnownFileType = sourcecode.swift; path = _UIHelpersTests.swift; sourceTree = "<group>"; };
		04B302EF27830141001077BA /* FoundationHelpers.swift */ = {isa = PBXFileReference; lastKnownFileType = sourcecode.swift; path = FoundationHelpers.swift; sourceTree = "<group>"; };
		04B302F2278318B8001077BA /* MainUseCase.swift */ = {isa = PBXFileReference; lastKnownFileType = sourcecode.swift; path = MainUseCase.swift; sourceTree = "<group>"; };
		04B302F6278327F5001077BA /* MockDataService.swift */ = {isa = PBXFileReference; lastKnownFileType = sourcecode.swift; path = MockDataService.swift; sourceTree = "<group>"; };
		04B302F8278331EB001077BA /* AppState.swift */ = {isa = PBXFileReference; lastKnownFileType = sourcecode.swift; path = AppState.swift; sourceTree = "<group>"; };
		04D1268C2784CFC100860EFA /* _MainUseCaseTests.swift */ = {isa = PBXFileReference; lastKnownFileType = sourcecode.swift; path = _MainUseCaseTests.swift; sourceTree = "<group>"; };
		04D126952784FEEC00860EFA /* Transitions.swift */ = {isa = PBXFileReference; lastKnownFileType = sourcecode.swift; path = Transitions.swift; sourceTree = "<group>"; };
/* End PBXFileReference section */

/* Begin PBXFrameworksBuildPhase section */
		04B3028C27820BC1001077BA /* Frameworks */ = {
			isa = PBXFrameworksBuildPhase;
			buildActionMask = 2147483647;
			files = (
				04B302E2278250C8001077BA /* Mocker in Frameworks */,
			);
			runOnlyForDeploymentPostprocessing = 0;
		};
		04B302A227820BC2001077BA /* Frameworks */ = {
			isa = PBXFrameworksBuildPhase;
			buildActionMask = 2147483647;
			files = (
			);
			runOnlyForDeploymentPostprocessing = 0;
		};
		04B302AC27820BC2001077BA /* Frameworks */ = {
			isa = PBXFrameworksBuildPhase;
			buildActionMask = 2147483647;
			files = (
			);
			runOnlyForDeploymentPostprocessing = 0;
		};
/* End PBXFrameworksBuildPhase section */

/* Begin PBXGroup section */
		04B3028627820BC1001077BA = {
			isa = PBXGroup;
			children = (
				04B3029127820BC1001077BA /* XapoTest */,
				04B302A827820BC2001077BA /* TestsHelpers */,
				04B302B227820BC2001077BA /* XapoTestUITests */,
				04B3029027820BC1001077BA /* Products */,
			);
			sourceTree = "<group>";
		};
		04B3029027820BC1001077BA /* Products */ = {
			isa = PBXGroup;
			children = (
				04B3028F27820BC1001077BA /* XapoTest.app */,
				04B302A527820BC2001077BA /* XapoTestTests.xctest */,
				04B302AF27820BC2001077BA /* XapoTestUITests.xctest */,
			);
			name = Products;
			sourceTree = "<group>";
		};
		04B3029127820BC1001077BA /* XapoTest */ = {
			isa = PBXGroup;
			children = (
				04B302C2278211AA001077BA /* Resources */,
				04B302C4278212FF001077BA /* UI */,
				04B302C3278212F2001077BA /* Core */,
				04B3029227820BC1001077BA /* AppDelegate.swift */,
				04B3029427820BC1001077BA /* SceneDelegate.swift */,
			);
			path = XapoTest;
			sourceTree = "<group>";
		};
		04B302A827820BC2001077BA /* TestsHelpers */ = {
			isa = PBXGroup;
			children = (
				04B302F6278327F5001077BA /* MockDataService.swift */,
				04B302A927820BC2001077BA /* Helpers.swift */,
				04B302DE27823407001077BA /* ApiMock.json */,
			);
			path = TestsHelpers;
			sourceTree = "<group>";
		};
		04B302B227820BC2001077BA /* XapoTestUITests */ = {
			isa = PBXGroup;
			children = (
				04B302B327820BC2001077BA /* XapoTestUITests.swift */,
				04B302B527820BC2001077BA /* XapoTestUITestsLaunchTests.swift */,
			);
			path = XapoTestUITests;
			sourceTree = "<group>";
		};
		04B302C2278211AA001077BA /* Resources */ = {
			isa = PBXGroup;
			children = (
				04B302A027820BC2001077BA /* Info.plist */,
				04B3029B27820BC2001077BA /* Assets.xcassets */,
				04B3029D27820BC2001077BA /* LaunchScreen.storyboard */,
			);
			path = Resources;
			sourceTree = "<group>";
		};
		04B302C3278212F2001077BA /* Core */ = {
			isa = PBXGroup;
			children = (
				04B302D62782263F001077BA /* Helpers */,
				04B302C7278213A8001077BA /* UseCases */,
				04B302C62782138D001077BA /* ServicesAndRepositories */,
				04B302C527821384001077BA /* Model */,
			);
			path = Core;
			sourceTree = "<group>";
		};
		04B302C4278212FF001077BA /* UI */ = {
			isa = PBXGroup;
			children = (
				04B3029627820BC1001077BA /* ViewController.swift */,
				048E887E2786209E00270445 /* WebView.swift */,
				04D126952784FEEC00860EFA /* Transitions.swift */,
				048E8879278613AC00270445 /* View+Conditional.swift */,
			);
			path = UI;
			sourceTree = "<group>";
		};
		04B302C527821384001077BA /* Model */ = {
			isa = PBXGroup;
			children = (
				04B302FA27833200001077BA /* UrlBuilder */,
				04B302F8278331EB001077BA /* AppState.swift */,
				04B302C8278213C6001077BA /* Model.swift */,
			);
			path = Model;
			sourceTree = "<group>";
		};
		04B302C62782138D001077BA /* ServicesAndRepositories */ = {
			isa = PBXGroup;
			children = (
				04B302E32782608D001077BA /* HttpError */,
				04B302D127821D2A001077BA /* DataService */,
				04B302E62782705E001077BA /* ProjectRepository */,
			);
			path = ServicesAndRepositories;
			sourceTree = "<group>";
		};
		04B302C7278213A8001077BA /* UseCases */ = {
			isa = PBXGroup;
			children = (
				04B302F2278318B8001077BA /* MainUseCase.swift */,
				04D1268C2784CFC100860EFA /* _MainUseCaseTests.swift */,
			);
			path = UseCases;
			sourceTree = "<group>";
		};
		04B302D127821D2A001077BA /* DataService */ = {
			isa = PBXGroup;
			children = (
				04B302CA278214B9001077BA /* DataService.swift */,
				04B302D927822D9A001077BA /* _DataServiceTests.swift */,
			);
			path = DataService;
			sourceTree = "<group>";
		};
		04B302D62782263F001077BA /* Helpers */ = {
			isa = PBXGroup;
			children = (
				04B302F127830154001077BA /* UIKitHelpers */,
				04B302EF27830141001077BA /* FoundationHelpers.swift */,
				04B302EB2782F4BE001077BA /* SwiftUIHelpers.swift */,
			);
			path = Helpers;
			sourceTree = "<group>";
		};
		04B302E32782608D001077BA /* HttpError */ = {
			isa = PBXGroup;
			children = (
				04B302CC2782163D001077BA /* HTTPError.swift */,
				04B302CE278219FB001077BA /* _HttpErrorTests.swift */,
			);
			path = HttpError;
			sourceTree = "<group>";
		};
		04B302E62782705E001077BA /* ProjectRepository */ = {
			isa = PBXGroup;
			children = (
				04B302E4278260C0001077BA /* ProjectRepository.swift */,
				04B302E727827070001077BA /* _ProjectRepositoryTests.swift */,
			);
			path = ProjectRepository;
			sourceTree = "<group>";
		};
		04B302F127830154001077BA /* UIKitHelpers */ = {
			isa = PBXGroup;
			children = (
				04B302E92782F3E9001077BA /* UIKitHelpers.swift */,
				04B302ED2782F4FB001077BA /* _UIHelpersTests.swift */,
			);
			path = UIKitHelpers;
			sourceTree = "<group>";
		};
		04B302FA27833200001077BA /* UrlBuilder */ = {
			isa = PBXGroup;
			children = (
				04B302D227821EE9001077BA /* UrlBuilder.swift */,
				04B302D727822C8B001077BA /* _UrlBuilderTests.swift */,
			);
			path = UrlBuilder;
			sourceTree = "<group>";
		};
/* End PBXGroup section */

/* Begin PBXNativeTarget section */
		04B3028E27820BC1001077BA /* XapoTest */ = {
			isa = PBXNativeTarget;
			buildConfigurationList = 04B302B927820BC2001077BA /* Build configuration list for PBXNativeTarget "XapoTest" */;
			buildPhases = (
				04B3028B27820BC1001077BA /* Sources */,
				04B3028C27820BC1001077BA /* Frameworks */,
				04B3028D27820BC1001077BA /* Resources */,
			);
			buildRules = (
			);
			dependencies = (
			);
			name = XapoTest;
			packageProductDependencies = (
				04B302E1278250C8001077BA /* Mocker */,
			);
			productName = XapoTest;
			productReference = 04B3028F27820BC1001077BA /* XapoTest.app */;
			productType = "com.apple.product-type.application";
		};
		04B302A427820BC2001077BA /* XapoTestTests */ = {
			isa = PBXNativeTarget;
			buildConfigurationList = 04B302BC27820BC2001077BA /* Build configuration list for PBXNativeTarget "XapoTestTests" */;
			buildPhases = (
				04B302A127820BC2001077BA /* Sources */,
				04B302A227820BC2001077BA /* Frameworks */,
				04B302A327820BC2001077BA /* Resources */,
			);
			buildRules = (
			);
			dependencies = (
				04B302A727820BC2001077BA /* PBXTargetDependency */,
			);
			name = XapoTestTests;
			productName = XapoTestTests;
			productReference = 04B302A527820BC2001077BA /* XapoTestTests.xctest */;
			productType = "com.apple.product-type.bundle.unit-test";
		};
		04B302AE27820BC2001077BA /* XapoTestUITests */ = {
			isa = PBXNativeTarget;
			buildConfigurationList = 04B302BF27820BC2001077BA /* Build configuration list for PBXNativeTarget "XapoTestUITests" */;
			buildPhases = (
				04B302AB27820BC2001077BA /* Sources */,
				04B302AC27820BC2001077BA /* Frameworks */,
				04B302AD27820BC2001077BA /* Resources */,
			);
			buildRules = (
			);
			dependencies = (
				04B302B127820BC2001077BA /* PBXTargetDependency */,
			);
			name = XapoTestUITests;
			productName = XapoTestUITests;
			productReference = 04B302AF27820BC2001077BA /* XapoTestUITests.xctest */;
			productType = "com.apple.product-type.bundle.ui-testing";
		};
/* End PBXNativeTarget section */

/* Begin PBXProject section */
		04B3028727820BC1001077BA /* Project object */ = {
			isa = PBXProject;
			attributes = {
				BuildIndependentTargetsInParallel = 1;
				LastSwiftUpdateCheck = 1320;
				LastUpgradeCheck = 1320;
				TargetAttributes = {
					04B3028E27820BC1001077BA = {
						CreatedOnToolsVersion = 13.2;
					};
					04B302A427820BC2001077BA = {
						CreatedOnToolsVersion = 13.2;
						TestTargetID = 04B3028E27820BC1001077BA;
					};
					04B302AE27820BC2001077BA = {
						CreatedOnToolsVersion = 13.2;
						TestTargetID = 04B3028E27820BC1001077BA;
					};
				};
			};
			buildConfigurationList = 04B3028A27820BC1001077BA /* Build configuration list for PBXProject "XapoTest" */;
			compatibilityVersion = "Xcode 13.0";
			developmentRegion = en;
			hasScannedForEncodings = 0;
			knownRegions = (
				en,
				Base,
			);
			mainGroup = 04B3028627820BC1001077BA;
			packageReferences = (
				04B302E0278250C8001077BA /* XCRemoteSwiftPackageReference "Mocker" */,
			);
			productRefGroup = 04B3029027820BC1001077BA /* Products */;
			projectDirPath = "";
			projectRoot = "";
			targets = (
				04B3028E27820BC1001077BA /* XapoTest */,
				04B302A427820BC2001077BA /* XapoTestTests */,
				04B302AE27820BC2001077BA /* XapoTestUITests */,
			);
		};
/* End PBXProject section */

/* Begin PBXResourcesBuildPhase section */
		04B3028D27820BC1001077BA /* Resources */ = {
			isa = PBXResourcesBuildPhase;
			buildActionMask = 2147483647;
			files = (
				04B3029F27820BC2001077BA /* LaunchScreen.storyboard in Resources */,
				04B3029C27820BC2001077BA /* Assets.xcassets in Resources */,
			);
			runOnlyForDeploymentPostprocessing = 0;
		};
		04B302A327820BC2001077BA /* Resources */ = {
			isa = PBXResourcesBuildPhase;
			buildActionMask = 2147483647;
			files = (
				04B302DF27823407001077BA /* ApiMock.json in Resources */,
			);
			runOnlyForDeploymentPostprocessing = 0;
		};
		04B302AD27820BC2001077BA /* Resources */ = {
			isa = PBXResourcesBuildPhase;
			buildActionMask = 2147483647;
			files = (
			);
			runOnlyForDeploymentPostprocessing = 0;
		};
/* End PBXResourcesBuildPhase section */

/* Begin PBXSourcesBuildPhase section */
		04B3028B27820BC1001077BA /* Sources */ = {
			isa = PBXSourcesBuildPhase;
			buildActionMask = 2147483647;
			files = (
				04B3029727820BC1001077BA /* ViewController.swift in Sources */,
				048E887F2786209E00270445 /* WebView.swift in Sources */,
				04B3029327820BC1001077BA /* AppDelegate.swift in Sources */,
				048E887A278613AC00270445 /* View+Conditional.swift in Sources */,
				04B302F3278318B8001077BA /* MainUseCase.swift in Sources */,
				04B3029527820BC1001077BA /* SceneDelegate.swift in Sources */,
				04D126962784FEEC00860EFA /* Transitions.swift in Sources */,
				04B302F027830141001077BA /* FoundationHelpers.swift in Sources */,
				04B302EC2782F4BE001077BA /* SwiftUIHelpers.swift in Sources */,
				04B302C9278213C6001077BA /* Model.swift in Sources */,
				04B302CD2782163D001077BA /* HTTPError.swift in Sources */,
				04B302EA2782F3EA001077BA /* UIKitHelpers.swift in Sources */,
				04B302D327821EE9001077BA /* UrlBuilder.swift in Sources */,
				04B302F9278331EB001077BA /* AppState.swift in Sources */,
				04B302CB278214B9001077BA /* DataService.swift in Sources */,
				04B302E5278260C0001077BA /* ProjectRepository.swift in Sources */,
			);
			runOnlyForDeploymentPostprocessing = 0;
		};
		04B302A127820BC2001077BA /* Sources */ = {
			isa = PBXSourcesBuildPhase;
			buildActionMask = 2147483647;
			files = (
				04B302D827822C8B001077BA /* _UrlBuilderTests.swift in Sources */,
				04B302CF278219FB001077BA /* _HttpErrorTests.swift in Sources */,
				04D1268D2784CFC100860EFA /* _MainUseCaseTests.swift in Sources */,
				04B302AA27820BC2001077BA /* Helpers.swift in Sources */,
				04B302EE2782F4FB001077BA /* _UIHelpersTests.swift in Sources */,
				04B302DA27822D9A001077BA /* _DataServiceTests.swift in Sources */,
				04B302F7278327F5001077BA /* MockDataService.swift in Sources */,
				04B302E827827070001077BA /* _ProjectRepositoryTests.swift in Sources */,
			);
			runOnlyForDeploymentPostprocessing = 0;
		};
		04B302AB27820BC2001077BA /* Sources */ = {
			isa = PBXSourcesBuildPhase;
			buildActionMask = 2147483647;
			files = (
				04B302B627820BC2001077BA /* XapoTestUITestsLaunchTests.swift in Sources */,
				04B302B427820BC2001077BA /* XapoTestUITests.swift in Sources */,
			);
			runOnlyForDeploymentPostprocessing = 0;
		};
/* End PBXSourcesBuildPhase section */

/* Begin PBXTargetDependency section */
		04B302A727820BC2001077BA /* PBXTargetDependency */ = {
			isa = PBXTargetDependency;
			target = 04B3028E27820BC1001077BA /* XapoTest */;
			targetProxy = 04B302A627820BC2001077BA /* PBXContainerItemProxy */;
		};
		04B302B127820BC2001077BA /* PBXTargetDependency */ = {
			isa = PBXTargetDependency;
			target = 04B3028E27820BC1001077BA /* XapoTest */;
			targetProxy = 04B302B027820BC2001077BA /* PBXContainerItemProxy */;
		};
/* End PBXTargetDependency section */

/* Begin PBXVariantGroup section */
		04B3029D27820BC2001077BA /* LaunchScreen.storyboard */ = {
			isa = PBXVariantGroup;
			children = (
				04B3029E27820BC2001077BA /* Base */,
			);
			name = LaunchScreen.storyboard;
			sourceTree = "<group>";
		};
/* End PBXVariantGroup section */

/* Begin XCBuildConfiguration section */
		04B302B727820BC2001077BA /* Debug */ = {
			isa = XCBuildConfiguration;
			buildSettings = {
				ALWAYS_SEARCH_USER_PATHS = NO;
				CLANG_ANALYZER_NONNULL = YES;
				CLANG_ANALYZER_NUMBER_OBJECT_CONVERSION = YES_AGGRESSIVE;
				CLANG_CXX_LANGUAGE_STANDARD = "gnu++17";
				CLANG_CXX_LIBRARY = "libc++";
				CLANG_ENABLE_MODULES = YES;
				CLANG_ENABLE_OBJC_ARC = YES;
				CLANG_ENABLE_OBJC_WEAK = YES;
				CLANG_WARN_BLOCK_CAPTURE_AUTORELEASING = YES;
				CLANG_WARN_BOOL_CONVERSION = YES;
				CLANG_WARN_COMMA = YES;
				CLANG_WARN_CONSTANT_CONVERSION = YES;
				CLANG_WARN_DEPRECATED_OBJC_IMPLEMENTATIONS = YES;
				CLANG_WARN_DIRECT_OBJC_ISA_USAGE = YES_ERROR;
				CLANG_WARN_DOCUMENTATION_COMMENTS = YES;
				CLANG_WARN_EMPTY_BODY = YES;
				CLANG_WARN_ENUM_CONVERSION = YES;
				CLANG_WARN_INFINITE_RECURSION = YES;
				CLANG_WARN_INT_CONVERSION = YES;
				CLANG_WARN_NON_LITERAL_NULL_CONVERSION = YES;
				CLANG_WARN_OBJC_IMPLICIT_RETAIN_SELF = YES;
				CLANG_WARN_OBJC_LITERAL_CONVERSION = YES;
				CLANG_WARN_OBJC_ROOT_CLASS = YES_ERROR;
				CLANG_WARN_QUOTED_INCLUDE_IN_FRAMEWORK_HEADER = YES;
				CLANG_WARN_RANGE_LOOP_ANALYSIS = YES;
				CLANG_WARN_STRICT_PROTOTYPES = YES;
				CLANG_WARN_SUSPICIOUS_MOVE = YES;
				CLANG_WARN_UNGUARDED_AVAILABILITY = YES_AGGRESSIVE;
				CLANG_WARN_UNREACHABLE_CODE = YES;
				CLANG_WARN__DUPLICATE_METHOD_MATCH = YES;
				COPY_PHASE_STRIP = NO;
				DEBUG_INFORMATION_FORMAT = dwarf;
				ENABLE_STRICT_OBJC_MSGSEND = YES;
				ENABLE_TESTABILITY = YES;
				ENABLE_TESTING_SEARCH_PATHS = YES;
				GCC_C_LANGUAGE_STANDARD = gnu11;
				GCC_DYNAMIC_NO_PIC = NO;
				GCC_NO_COMMON_BLOCKS = YES;
				GCC_OPTIMIZATION_LEVEL = 0;
				GCC_PREPROCESSOR_DEFINITIONS = (
					"DEBUG=1",
					"$(inherited)",
				);
				GCC_WARN_64_TO_32_BIT_CONVERSION = YES;
				GCC_WARN_ABOUT_RETURN_TYPE = YES_ERROR;
				GCC_WARN_UNDECLARED_SELECTOR = YES;
				GCC_WARN_UNINITIALIZED_AUTOS = YES_AGGRESSIVE;
				GCC_WARN_UNUSED_FUNCTION = YES;
				GCC_WARN_UNUSED_VARIABLE = YES;
				IPHONEOS_DEPLOYMENT_TARGET = 13.1;
				MTL_ENABLE_DEBUG_INFO = INCLUDE_SOURCE;
				MTL_FAST_MATH = YES;
				ONLY_ACTIVE_ARCH = YES;
				SDKROOT = iphoneos;
				SWIFT_ACTIVE_COMPILATION_CONDITIONS = DEBUG;
				SWIFT_OPTIMIZATION_LEVEL = "-Onone";
			};
			name = Debug;
		};
		04B302B827820BC2001077BA /* Release */ = {
			isa = XCBuildConfiguration;
			buildSettings = {
				ALWAYS_SEARCH_USER_PATHS = NO;
				CLANG_ANALYZER_NONNULL = YES;
				CLANG_ANALYZER_NUMBER_OBJECT_CONVERSION = YES_AGGRESSIVE;
				CLANG_CXX_LANGUAGE_STANDARD = "gnu++17";
				CLANG_CXX_LIBRARY = "libc++";
				CLANG_ENABLE_MODULES = YES;
				CLANG_ENABLE_OBJC_ARC = YES;
				CLANG_ENABLE_OBJC_WEAK = YES;
				CLANG_WARN_BLOCK_CAPTURE_AUTORELEASING = YES;
				CLANG_WARN_BOOL_CONVERSION = YES;
				CLANG_WARN_COMMA = YES;
				CLANG_WARN_CONSTANT_CONVERSION = YES;
				CLANG_WARN_DEPRECATED_OBJC_IMPLEMENTATIONS = YES;
				CLANG_WARN_DIRECT_OBJC_ISA_USAGE = YES_ERROR;
				CLANG_WARN_DOCUMENTATION_COMMENTS = YES;
				CLANG_WARN_EMPTY_BODY = YES;
				CLANG_WARN_ENUM_CONVERSION = YES;
				CLANG_WARN_INFINITE_RECURSION = YES;
				CLANG_WARN_INT_CONVERSION = YES;
				CLANG_WARN_NON_LITERAL_NULL_CONVERSION = YES;
				CLANG_WARN_OBJC_IMPLICIT_RETAIN_SELF = YES;
				CLANG_WARN_OBJC_LITERAL_CONVERSION = YES;
				CLANG_WARN_OBJC_ROOT_CLASS = YES_ERROR;
				CLANG_WARN_QUOTED_INCLUDE_IN_FRAMEWORK_HEADER = YES;
				CLANG_WARN_RANGE_LOOP_ANALYSIS = YES;
				CLANG_WARN_STRICT_PROTOTYPES = YES;
				CLANG_WARN_SUSPICIOUS_MOVE = YES;
				CLANG_WARN_UNGUARDED_AVAILABILITY = YES_AGGRESSIVE;
				CLANG_WARN_UNREACHABLE_CODE = YES;
				CLANG_WARN__DUPLICATE_METHOD_MATCH = YES;
				COPY_PHASE_STRIP = NO;
				DEBUG_INFORMATION_FORMAT = "dwarf-with-dsym";
				ENABLE_NS_ASSERTIONS = NO;
				ENABLE_STRICT_OBJC_MSGSEND = YES;
				ENABLE_TESTING_SEARCH_PATHS = YES;
				GCC_C_LANGUAGE_STANDARD = gnu11;
				GCC_NO_COMMON_BLOCKS = YES;
				GCC_WARN_64_TO_32_BIT_CONVERSION = YES;
				GCC_WARN_ABOUT_RETURN_TYPE = YES_ERROR;
				GCC_WARN_UNDECLARED_SELECTOR = YES;
				GCC_WARN_UNINITIALIZED_AUTOS = YES_AGGRESSIVE;
				GCC_WARN_UNUSED_FUNCTION = YES;
				GCC_WARN_UNUSED_VARIABLE = YES;
				IPHONEOS_DEPLOYMENT_TARGET = 13.1;
				MTL_ENABLE_DEBUG_INFO = NO;
				MTL_FAST_MATH = YES;
				SDKROOT = iphoneos;
				SWIFT_COMPILATION_MODE = wholemodule;
				SWIFT_OPTIMIZATION_LEVEL = "-O";
				VALIDATE_PRODUCT = YES;
			};
			name = Release;
		};
		04B302BA27820BC2001077BA /* Debug */ = {
			isa = XCBuildConfiguration;
			buildSettings = {
				ASSETCATALOG_COMPILER_APPICON_NAME = AppIcon;
				ASSETCATALOG_COMPILER_GLOBAL_ACCENT_COLOR_NAME = AccentColor;
				CODE_SIGN_STYLE = Automatic;
				CURRENT_PROJECT_VERSION = 1;
				DEVELOPMENT_TEAM = EUT7482TF4;
				GENERATE_INFOPLIST_FILE = YES;
				INFOPLIST_FILE = XapoTest/Resources/Info.plist;
				INFOPLIST_KEY_UIApplicationSupportsIndirectInputEvents = YES;
				INFOPLIST_KEY_UILaunchStoryboardName = LaunchScreen;
				INFOPLIST_KEY_UISupportedInterfaceOrientations_iPad = "UIInterfaceOrientationPortrait UIInterfaceOrientationPortraitUpsideDown UIInterfaceOrientationLandscapeLeft UIInterfaceOrientationLandscapeRight";
				INFOPLIST_KEY_UISupportedInterfaceOrientations_iPhone = "UIInterfaceOrientationPortrait UIInterfaceOrientationLandscapeLeft UIInterfaceOrientationLandscapeRight";
				LD_RUNPATH_SEARCH_PATHS = (
					"$(inherited)",
					"@executable_path/Frameworks",
				);
				MARKETING_VERSION = 1.0;
				PRODUCT_BUNDLE_IDENTIFIER = com.testtest.XapoTest;
				PRODUCT_NAME = "$(TARGET_NAME)";
				SWIFT_EMIT_LOC_STRINGS = YES;
				SWIFT_VERSION = 5.0;
				TARGETED_DEVICE_FAMILY = "1,2";
			};
			name = Debug;
		};
		04B302BB27820BC2001077BA /* Release */ = {
			isa = XCBuildConfiguration;
			buildSettings = {
				ASSETCATALOG_COMPILER_APPICON_NAME = AppIcon;
				ASSETCATALOG_COMPILER_GLOBAL_ACCENT_COLOR_NAME = AccentColor;
				CODE_SIGN_STYLE = Automatic;
				CURRENT_PROJECT_VERSION = 1;
				DEVELOPMENT_TEAM = EUT7482TF4;
				GENERATE_INFOPLIST_FILE = YES;
				INFOPLIST_FILE = XapoTest/Resources/Info.plist;
				INFOPLIST_KEY_UIApplicationSupportsIndirectInputEvents = YES;
				INFOPLIST_KEY_UILaunchStoryboardName = LaunchScreen;
				INFOPLIST_KEY_UISupportedInterfaceOrientations_iPad = "UIInterfaceOrientationPortrait UIInterfaceOrientationPortraitUpsideDown UIInterfaceOrientationLandscapeLeft UIInterfaceOrientationLandscapeRight";
				INFOPLIST_KEY_UISupportedInterfaceOrientations_iPhone = "UIInterfaceOrientationPortrait UIInterfaceOrientationLandscapeLeft UIInterfaceOrientationLandscapeRight";
				LD_RUNPATH_SEARCH_PATHS = (
					"$(inherited)",
					"@executable_path/Frameworks",
				);
				MARKETING_VERSION = 1.0;
				PRODUCT_BUNDLE_IDENTIFIER = com.testtest.XapoTest;
				PRODUCT_NAME = "$(TARGET_NAME)";
				SWIFT_EMIT_LOC_STRINGS = YES;
				SWIFT_VERSION = 5.0;
				TARGETED_DEVICE_FAMILY = "1,2";
			};
			name = Release;
		};
		04B302BD27820BC2001077BA /* Debug */ = {
			isa = XCBuildConfiguration;
			buildSettings = {
				ALWAYS_EMBED_SWIFT_STANDARD_LIBRARIES = YES;
				BUNDLE_LOADER = "$(TEST_HOST)";
				CODE_SIGN_STYLE = Automatic;
				CURRENT_PROJECT_VERSION = 1;
				DEVELOPMENT_TEAM = EUT7482TF4;
				GENERATE_INFOPLIST_FILE = YES;
				IPHONEOS_DEPLOYMENT_TARGET = 13.1;
				MARKETING_VERSION = 1.0;
				PRODUCT_BUNDLE_IDENTIFIER = com.testtest.XapoTestTests;
				PRODUCT_NAME = "$(TARGET_NAME)";
				SWIFT_EMIT_LOC_STRINGS = NO;
				SWIFT_VERSION = 5.0;
				TARGETED_DEVICE_FAMILY = "1,2";
				TEST_HOST = "$(BUILT_PRODUCTS_DIR)/XapoTest.app/XapoTest";
			};
			name = Debug;
		};
		04B302BE27820BC2001077BA /* Release */ = {
			isa = XCBuildConfiguration;
			buildSettings = {
				ALWAYS_EMBED_SWIFT_STANDARD_LIBRARIES = YES;
				BUNDLE_LOADER = "$(TEST_HOST)";
				CODE_SIGN_STYLE = Automatic;
				CURRENT_PROJECT_VERSION = 1;
				DEVELOPMENT_TEAM = EUT7482TF4;
				GENERATE_INFOPLIST_FILE = YES;
				IPHONEOS_DEPLOYMENT_TARGET = 13.1;
				MARKETING_VERSION = 1.0;
				PRODUCT_BUNDLE_IDENTIFIER = com.testtest.XapoTestTests;
				PRODUCT_NAME = "$(TARGET_NAME)";
				SWIFT_EMIT_LOC_STRINGS = NO;
				SWIFT_VERSION = 5.0;
				TARGETED_DEVICE_FAMILY = "1,2";
				TEST_HOST = "$(BUILT_PRODUCTS_DIR)/XapoTest.app/XapoTest";
			};
			name = Release;
		};
		04B302C027820BC2001077BA /* Debug */ = {
			isa = XCBuildConfiguration;
			buildSettings = {
				ALWAYS_EMBED_SWIFT_STANDARD_LIBRARIES = YES;
				CODE_SIGN_STYLE = Automatic;
				CURRENT_PROJECT_VERSION = 1;
				DEVELOPMENT_TEAM = EUT7482TF4;
				GENERATE_INFOPLIST_FILE = YES;
				MARKETING_VERSION = 1.0;
				PRODUCT_BUNDLE_IDENTIFIER = com.testtest.XapoTestUITests;
				PRODUCT_NAME = "$(TARGET_NAME)";
				SWIFT_EMIT_LOC_STRINGS = NO;
				SWIFT_VERSION = 5.0;
				TARGETED_DEVICE_FAMILY = "1,2";
				TEST_TARGET_NAME = XapoTest;
			};
			name = Debug;
		};
		04B302C127820BC2001077BA /* Release */ = {
			isa = XCBuildConfiguration;
			buildSettings = {
				ALWAYS_EMBED_SWIFT_STANDARD_LIBRARIES = YES;
				CODE_SIGN_STYLE = Automatic;
				CURRENT_PROJECT_VERSION = 1;
				DEVELOPMENT_TEAM = EUT7482TF4;
				GENERATE_INFOPLIST_FILE = YES;
				MARKETING_VERSION = 1.0;
				PRODUCT_BUNDLE_IDENTIFIER = com.testtest.XapoTestUITests;
				PRODUCT_NAME = "$(TARGET_NAME)";
				SWIFT_EMIT_LOC_STRINGS = NO;
				SWIFT_VERSION = 5.0;
				TARGETED_DEVICE_FAMILY = "1,2";
				TEST_TARGET_NAME = XapoTest;
			};
			name = Release;
		};
/* End XCBuildConfiguration section */

/* Begin XCConfigurationList section */
		04B3028A27820BC1001077BA /* Build configuration list for PBXProject "XapoTest" */ = {
			isa = XCConfigurationList;
			buildConfigurations = (
				04B302B727820BC2001077BA /* Debug */,
				04B302B827820BC2001077BA /* Release */,
			);
			defaultConfigurationIsVisible = 0;
			defaultConfigurationName = Release;
		};
		04B302B927820BC2001077BA /* Build configuration list for PBXNativeTarget "XapoTest" */ = {
			isa = XCConfigurationList;
			buildConfigurations = (
				04B302BA27820BC2001077BA /* Debug */,
				04B302BB27820BC2001077BA /* Release */,
			);
			defaultConfigurationIsVisible = 0;
			defaultConfigurationName = Release;
		};
		04B302BC27820BC2001077BA /* Build configuration list for PBXNativeTarget "XapoTestTests" */ = {
			isa = XCConfigurationList;
			buildConfigurations = (
				04B302BD27820BC2001077BA /* Debug */,
				04B302BE27820BC2001077BA /* Release */,
			);
			defaultConfigurationIsVisible = 0;
			defaultConfigurationName = Release;
		};
		04B302BF27820BC2001077BA /* Build configuration list for PBXNativeTarget "XapoTestUITests" */ = {
			isa = XCConfigurationList;
			buildConfigurations = (
				04B302C027820BC2001077BA /* Debug */,
				04B302C127820BC2001077BA /* Release */,
			);
			defaultConfigurationIsVisible = 0;
			defaultConfigurationName = Release;
		};
/* End XCConfigurationList section */

/* Begin XCRemoteSwiftPackageReference section */
		04B302E0278250C8001077BA /* XCRemoteSwiftPackageReference "Mocker" */ = {
			isa = XCRemoteSwiftPackageReference;
			repositoryURL = "https://github.com/WeTransfer/Mocker";
			requirement = {
				kind = upToNextMajorVersion;
				minimumVersion = 2.0.0;
			};
		};
/* End XCRemoteSwiftPackageReference section */

/* Begin XCSwiftPackageProductDependency section */
		04B302E1278250C8001077BA /* Mocker */ = {
			isa = XCSwiftPackageProductDependency;
			package = 04B302E0278250C8001077BA /* XCRemoteSwiftPackageReference "Mocker" */;
			productName = Mocker;
		};
/* End XCSwiftPackageProductDependency section */
	};
	rootObject = 04B3028727820BC1001077BA /* Project object */;
}
